<?xml version="1.0" encoding="utf-8"?>
<Project ToolsVersion="4.0" xmlns="http://schemas.microsoft.com/developer/msbuild/2003">
  <ItemGroup>
    <Filter Include="Source Files">
      <UniqueIdentifier>{4FC737F1-C7A5-4376-A066-2A32D752A2FF}</UniqueIdentifier>
      <Extensions>cpp;c;cc;cxx;def;odl;idl;hpj;bat;asm;asmx</Extensions>
    </Filter>
    <Filter Include="Header Files">
      <UniqueIdentifier>{93995380-89BD-4b04-88EB-625FBE52EBFB}</UniqueIdentifier>
      <Extensions>h;hh;hpp;hxx;hm;inl;inc;ipp;xsd</Extensions>
    </Filter>
    <Filter Include="Resource Files">
      <UniqueIdentifier>{67DA6AB6-F800-4c08-8B7A-83BB121AAD01}</UniqueIdentifier>
      <Extensions>rc;ico;cur;bmp;dlg;rc2;rct;bin;rgs;gif;jpg;jpeg;jpe;resx;tiff;tif;png;wav;mfcribbon-ms</Extensions>
    </Filter>
    <Filter Include="entities">
      <UniqueIdentifier>{3a6bea3e-4bfc-4597-b2ad-ceb4a6024eaa}</UniqueIdentifier>
    </Filter>
    <Filter Include="misc">
      <UniqueIdentifier>{d87d03df-3664-4a53-9d86-d8b063fbc10d}</UniqueIdentifier>
    </Filter>
    <Filter Include="examples">
      <UniqueIdentifier>{c0e7215b-67d5-471f-902f-ca822a99ca76}</UniqueIdentifier>
    </Filter>
  </ItemGroup>
  <ItemGroup>
    <ClInclude Include="pch.h">
      <Filter>Header Files</Filter>
    </ClInclude>
    <ClInclude Include="DocumentStoreHolder.h">
      <Filter>Header Files</Filter>
    </ClInclude>
    <ClInclude Include="basics.h">
      <Filter>examples</Filter>
    </ClInclude>
    <ClInclude Include="related_documents.h">
      <Filter>examples</Filter>
    </ClInclude>
    <ClInclude Include="store_attachment.h">
      <Filter>examples</Filter>
    </ClInclude>
    <ClInclude Include="advanced.h">
      <Filter>examples</Filter>
    </ClInclude>
    <ClInclude Include="queries.h">
      <Filter>examples</Filter>
    </ClInclude>
    <ClInclude Include="Address.h">
      <Filter>entities</Filter>
    </ClInclude>
    <ClInclude Include="Category.h">
      <Filter>entities</Filter>
    </ClInclude>
    <ClInclude Include="Company.h">
      <Filter>entities</Filter>
    </ClInclude>
    <ClInclude Include="Contact.h">
      <Filter>entities</Filter>
    </ClInclude>
    <ClInclude Include="Employee.h">
      <Filter>entities</Filter>
    </ClInclude>
    <ClInclude Include="Order.h">
      <Filter>entities</Filter>
    </ClInclude>
    <ClInclude Include="OrderLine.h">
      <Filter>entities</Filter>
    </ClInclude>
    <ClInclude Include="Product.h">
      <Filter>entities</Filter>
    </ClInclude>
    <ClInclude Include="Supplier.h">
      <Filter>entities</Filter>
    </ClInclude>
    <ClInclude Include="EmployeeDetails.h">
      <Filter>misc</Filter>
    </ClInclude>
    <ClInclude Include="CompanyDetails.h">
      <Filter>misc</Filter>
    </ClInclude>
    <ClInclude Include="static_indexes.h">
      <Filter>examples</Filter>
    </ClInclude>
  </ItemGroup>
  <ItemGroup>
    <ClCompile Include="pch.cpp">
      <Filter>Source Files</Filter>
    </ClCompile>
    <ClCompile Include="Demo.cpp">
      <Filter>Source Files</Filter>
    </ClCompile>
    <ClCompile Include="DocumentStoreHolder.cpp">
      <Filter>Source Files</Filter>
    </ClCompile>
    <ClCompile Include="Address.cpp">
      <Filter>entities</Filter>
    </ClCompile>
    <ClCompile Include="Category.cpp">
      <Filter>entities</Filter>
    </ClCompile>
    <ClCompile Include="Company.cpp">
      <Filter>entities</Filter>
    </ClCompile>
    <ClCompile Include="Contact.cpp">
      <Filter>entities</Filter>
    </ClCompile>
    <ClCompile Include="Employee.cpp">
      <Filter>entities</Filter>
    </ClCompile>
    <ClCompile Include="Order.cpp">
      <Filter>entities</Filter>
    </ClCompile>
    <ClCompile Include="OrderLine.cpp">
      <Filter>entities</Filter>
    </ClCompile>
    <ClCompile Include="Product.cpp">
      <Filter>entities</Filter>
    </ClCompile>
    <ClCompile Include="Supplier.cpp">
      <Filter>entities</Filter>
    </ClCompile>
    <ClCompile Include="EmployeeDetails.cpp">
      <Filter>misc</Filter>
    </ClCompile>
    <ClCompile Include="advanced.cpp">
      <Filter>examples</Filter>
    </ClCompile>
    <ClCompile Include="basics.cpp">
      <Filter>examples</Filter>
    </ClCompile>
    <ClCompile Include="queries.cpp">
      <Filter>examples</Filter>
    </ClCompile>
    <ClCompile Include="related_documents.cpp">
      <Filter>examples</Filter>
    </ClCompile>
    <ClCompile Include="store_attachment.cpp">
      <Filter>examples</Filter>
    </ClCompile>
    <ClCompile Include="CompanyDetails.cpp">
      <Filter>misc</Filter>
    </ClCompile>
  </ItemGroup>
</Project>